
Microsoft Visual Studio Solution File, Format Version 12.00
Project("{FAE04EC0-301F-11D3-BF4B-00C04F79EFBC}") = "XInfrastructure", "XInfrastructure\XInfrastructure.csproj", "{9FB79A3F-3227-4396-8182-DB177F8E56C0}"
EndProject
Project("{FAE04EC0-301F-11D3-BF4B-00C04F79EFBC}") = "XBag-Test", "XBag-Test\XBag-Test.csproj", "{81B7ABDA-3367-48E2-BDD3-28C32521C212}"
EndProject
Project("{FAE04EC0-301F-11D3-BF4B-00C04F79EFBC}") = "DynamicCodeExecution.Core", "DynamicCodeExecution.Core\DynamicCodeExecution.Core.csproj", "{B5BE7EDE-1C01-4ECA-821C-97FEAF59174B}"
EndProject
Project("{FAE04EC0-301F-11D3-BF4B-00C04F79EFBC}") = "DynamicCodeExecution.CSharp", "DynamicCodeExecution.CSharp\DynamicCodeExecution.CSharp.csproj", "{141315A6-82C9-4AC9-8773-9831FA80B39F}"
EndProject
Project("{FAE04EC0-301F-11D3-BF4B-00C04F79EFBC}") = "DynamicCodeExecution.DotNet", "DynamicCodeExecution.DotNet\DynamicCodeExecution.DotNet.csproj", "{B0C92ECE-68FF-42CE-BFD9-F4583BF3710D}"
EndProject
Project("{FAE04EC0-301F-11D3-BF4B-00C04F79EFBC}") = "ConsoleApp", "ConsoleApp\ConsoleApp.csproj", "{FE29DE0D-5FBB-40A4-AB3B-44500A72003D}"
EndProject
Project("{FAE04EC0-301F-11D3-BF4B-00C04F79EFBC}") = "XShell", "XShell\XShell.csproj", "{49075B71-F496-432D-B387-78CC8DCAD5EE}"
EndProject
Project("{FAE04EC0-301F-11D3-BF4B-00C04F79EFBC}") = "XDataAccess", "XDataAccess\XDataAccess.csproj", "{DB71D438-9231-414D-A03A-E35CD72DF3B1}"
EndProject
Project("{FAE04EC0-301F-11D3-BF4B-00C04F79EFBC}") = "X.Api", "X.Api\X.Api.csproj", "{86E05305-5ABA-44B8-B81F-AD06765CB7BB}"
EndProject
Project("{FAE04EC0-301F-11D3-BF4B-00C04F79EFBC}") = "XCodeAnalysis", "XCodeAnalysis\XCodeAnalysis.csproj", "{51A1FB43-DF9D-4F5A-B360-D4EB148C82D7}"
EndProject
Project("{FAE04EC0-301F-11D3-BF4B-00C04F79EFBC}") = "XCodeAnalysis.Test", "XCodeAnalysis.Test\XCodeAnalysis.Test.csproj", "{94318BC9-97DA-4218-96CF-D22D627D2228}"
EndProject
Global
	GlobalSection(SolutionConfigurationPlatforms) = preSolution
		Debug|Any CPU = Debug|Any CPU
		Release|Any CPU = Release|Any CPU
	EndGlobalSection
	GlobalSection(ProjectConfigurationPlatforms) = postSolution
		{9FB79A3F-3227-4396-8182-DB177F8E56C0}.Debug|Any CPU.ActiveCfg = Debug|Any CPU
		{9FB79A3F-3227-4396-8182-DB177F8E56C0}.Debug|Any CPU.Build.0 = Debug|Any CPU
		{9FB79A3F-3227-4396-8182-DB177F8E56C0}.Release|Any CPU.ActiveCfg = Release|Any CPU
		{9FB79A3F-3227-4396-8182-DB177F8E56C0}.Release|Any CPU.Build.0 = Release|Any CPU
		{81B7ABDA-3367-48E2-BDD3-28C32521C212}.Debug|Any CPU.ActiveCfg = Debug|Any CPU
		{81B7ABDA-3367-48E2-BDD3-28C32521C212}.Debug|Any CPU.Build.0 = Debug|Any CPU
		{81B7ABDA-3367-48E2-BDD3-28C32521C212}.Release|Any CPU.ActiveCfg = Release|Any CPU
		{81B7ABDA-3367-48E2-BDD3-28C32521C212}.Release|Any CPU.Build.0 = Release|Any CPU
		{B5BE7EDE-1C01-4ECA-821C-97FEAF59174B}.Debug|Any CPU.ActiveCfg = Debug|Any CPU
		{B5BE7EDE-1C01-4ECA-821C-97FEAF59174B}.Debug|Any CPU.Build.0 = Debug|Any CPU
		{B5BE7EDE-1C01-4ECA-821C-97FEAF59174B}.Release|Any CPU.ActiveCfg = Release|Any CPU
		{B5BE7EDE-1C01-4ECA-821C-97FEAF59174B}.Release|Any CPU.Build.0 = Release|Any CPU
		{141315A6-82C9-4AC9-8773-9831FA80B39F}.Debug|Any CPU.ActiveCfg = Debug|Any CPU
		{141315A6-82C9-4AC9-8773-9831FA80B39F}.Debug|Any CPU.Build.0 = Debug|Any CPU
		{141315A6-82C9-4AC9-8773-9831FA80B39F}.Release|Any CPU.ActiveCfg = Release|Any CPU
		{141315A6-82C9-4AC9-8773-9831FA80B39F}.Release|Any CPU.Build.0 = Release|Any CPU
		{B0C92ECE-68FF-42CE-BFD9-F4583BF3710D}.Debug|Any CPU.ActiveCfg = Debug|Any CPU
		{B0C92ECE-68FF-42CE-BFD9-F4583BF3710D}.Debug|Any CPU.Build.0 = Debug|Any CPU
		{B0C92ECE-68FF-42CE-BFD9-F4583BF3710D}.Release|Any CPU.ActiveCfg = Release|Any CPU
		{B0C92ECE-68FF-42CE-BFD9-F4583BF3710D}.Release|Any CPU.Build.0 = Release|Any CPU
		{FE29DE0D-5FBB-40A4-AB3B-44500A72003D}.Debug|Any CPU.ActiveCfg = Debug|Any CPU
		{FE29DE0D-5FBB-40A4-AB3B-44500A72003D}.Debug|Any CPU.Build.0 = Debug|Any CPU
		{FE29DE0D-5FBB-40A4-AB3B-44500A72003D}.Release|Any CPU.ActiveCfg = Release|Any CPU
		{FE29DE0D-5FBB-40A4-AB3B-44500A72003D}.Release|Any CPU.Build.0 = Release|Any CPU
		{49075B71-F496-432D-B387-78CC8DCAD5EE}.Debug|Any CPU.ActiveCfg = Debug|Any CPU
		{49075B71-F496-432D-B387-78CC8DCAD5EE}.Debug|Any CPU.Build.0 = Debug|Any CPU
		{49075B71-F496-432D-B387-78CC8DCAD5EE}.Release|Any CPU.ActiveCfg = Release|Any CPU
		{49075B71-F496-432D-B387-78CC8DCAD5EE}.Release|Any CPU.Build.0 = Release|Any CPU
		{DB71D438-9231-414D-A03A-E35CD72DF3B1}.Debug|Any CPU.ActiveCfg = Debug|Any CPU
		{DB71D438-9231-414D-A03A-E35CD72DF3B1}.Debug|Any CPU.Build.0 = Debug|Any CPU
		{DB71D438-9231-414D-A03A-E35CD72DF3B1}.Release|Any CPU.ActiveCfg = Release|Any CPU
		{DB71D438-9231-414D-A03A-E35CD72DF3B1}.Release|Any CPU.Build.0 = Release|Any CPU
		{86E05305-5ABA-44B8-B81F-AD06765CB7BB}.Debug|Any CPU.ActiveCfg = Debug|Any CPU
		{86E05305-5ABA-44B8-B81F-AD06765CB7BB}.Debug|Any CPU.Build.0 = Debug|Any CPU
		{86E05305-5ABA-44B8-B81F-AD06765CB7BB}.Release|Any CPU.ActiveCfg = Release|Any CPU
		{86E05305-5ABA-44B8-B81F-AD06765CB7BB}.Release|Any CPU.Build.0 = Release|Any CPU
		{51A1FB43-DF9D-4F5A-B360-D4EB148C82D7}.Debug|Any CPU.ActiveCfg = Debug|Any CPU
		{51A1FB43-DF9D-4F5A-B360-D4EB148C82D7}.Debug|Any CPU.Build.0 = Debug|Any CPU
		{51A1FB43-DF9D-4F5A-B360-D4EB148C82D7}.Release|Any CPU.ActiveCfg = Release|Any CPU
		{51A1FB43-DF9D-4F5A-B360-D4EB148C82D7}.Release|Any CPU.Build.0 = Release|Any CPU
		{94318BC9-97DA-4218-96CF-D22D627D2228}.Debug|Any CPU.ActiveCfg = Debug|Any CPU
		{94318BC9-97DA-4218-96CF-D22D627D2228}.Debug|Any CPU.Build.0 = Debug|Any CPU
		{94318BC9-97DA-4218-96CF-D22D627D2228}.Release|Any CPU.ActiveCfg = Release|Any CPU
		{94318BC9-97DA-4218-96CF-D22D627D2228}.Release|Any CPU.Build.0 = Release|Any CPU
	EndGlobalSection
EndGlobal
